
Microsoft Visual Studio Solution File, Format Version 12.00
# Visual Studio Version 17
VisualStudioVersion = 17.8.34525.116
MinimumVisualStudioVersion = 10.0.40219.1
Project("{9A19103F-16F7-4668-BE54-9A1E7A4F7556}") = "Proyecto1Tecnicas-Johan-Gino", "Proyecto1Tecnicas-Johan-Gino\Proyecto1Tecnicas-Johan-Gino.csproj", "{D8CBA96A-C11C-4395-84A4-72257CE255AF}"
EndProject
Project("{9A19103F-16F7-4668-BE54-9A1E7A4F7556}") = "ModeloClase", "ModeloClase\ModeloClase.csproj", "{DBE4AB82-0E56-4F40-98CA-EAAE5BDF1EE8}"
EndProject
Project("{9A19103F-16F7-4668-BE54-9A1E7A4F7556}") = "ClaseControlador", "ClaseControlador\ClaseControlador.csproj", "{19F4FB71-ED70-4F05-A6A7-DBC39D0D84F5}"
EndProject
Global
	GlobalSection(SolutionConfigurationPlatforms) = preSolution
		Debug|Any CPU = Debug|Any CPU
		Release|Any CPU = Release|Any CPU
	EndGlobalSection
	GlobalSection(ProjectConfigurationPlatforms) = postSolution
		{D8CBA96A-C11C-4395-84A4-72257CE255AF}.Debug|Any CPU.ActiveCfg = Debug|Any CPU
		{D8CBA96A-C11C-4395-84A4-72257CE255AF}.Debug|Any CPU.Build.0 = Debug|Any CPU
		{D8CBA96A-C11C-4395-84A4-72257CE255AF}.Release|Any CPU.ActiveCfg = Release|Any CPU
		{D8CBA96A-C11C-4395-84A4-72257CE255AF}.Release|Any CPU.Build.0 = Release|Any CPU
		{DBE4AB82-0E56-4F40-98CA-EAAE5BDF1EE8}.Debug|Any CPU.ActiveCfg = Debug|Any CPU
		{DBE4AB82-0E56-4F40-98CA-EAAE5BDF1EE8}.Debug|Any CPU.Build.0 = Debug|Any CPU
		{DBE4AB82-0E56-4F40-98CA-EAAE5BDF1EE8}.Release|Any CPU.ActiveCfg = Release|Any CPU
		{DBE4AB82-0E56-4F40-98CA-EAAE5BDF1EE8}.Release|Any CPU.Build.0 = Release|Any CPU
		{19F4FB71-ED70-4F05-A6A7-DBC39D0D84F5}.Debug|Any CPU.ActiveCfg = Debug|Any CPU
		{19F4FB71-ED70-4F05-A6A7-DBC39D0D84F5}.Debug|Any CPU.Build.0 = Debug|Any CPU
		{19F4FB71-ED70-4F05-A6A7-DBC39D0D84F5}.Release|Any CPU.ActiveCfg = Release|Any CPU
		{19F4FB71-ED70-4F05-A6A7-DBC39D0D84F5}.Release|Any CPU.Build.0 = Release|Any CPU
	EndGlobalSection
	GlobalSection(SolutionProperties) = preSolution
		HideSolutionNode = FALSE
	EndGlobalSection
	GlobalSection(ExtensibilityGlobals) = postSolution
		SolutionGuid = {ED0B8291-4102-4505-80D0-442335FCCDB2}
	EndGlobalSection
EndGlobal
